// !$*UTF8*$!
{
	archiveVersion = 1;
	classes = {
	};
	objectVersion = 55;
	objects = {

/* Begin PBXBuildFile section */
		82E56CE22939909A00922FFF /* picScenceVC.swift in Sources */ = {isa = PBXBuildFile; fileRef = 82E56CBA2939909800922FFF /* picScenceVC.swift */; };
		82E56CE32939909A00922FFF /* LICENSE in Resources */ = {isa = PBXBuildFile; fileRef = 82E56CBC2939909900922FFF /* LICENSE */; };
		82E56CE42939909A00922FFF /* ConstraintMultiplierTarget.swift in Sources */ = {isa = PBXBuildFile; fileRef = 82E56CBE2939909900922FFF /* ConstraintMultiplierTarget.swift */; };
		82E56CE52939909A00922FFF /* LayoutConstraintItem.swift in Sources */ = {isa = PBXBuildFile; fileRef = 82E56CBF2939909900922FFF /* LayoutConstraintItem.swift */; };
		82E56CE62939909A00922FFF /* ConstraintDescription.swift in Sources */ = {isa = PBXBuildFile; fileRef = 82E56CC02939909900922FFF /* ConstraintDescription.swift */; };
		82E56CE72939909A00922FFF /* ConstraintMakerPriortizable.swift in Sources */ = {isa = PBXBuildFile; fileRef = 82E56CC12939909900922FFF /* ConstraintMakerPriortizable.swift */; };
		82E56CE82939909A00922FFF /* ConstraintAttributes.swift in Sources */ = {isa = PBXBuildFile; fileRef = 82E56CC22939909900922FFF /* ConstraintAttributes.swift */; };
		82E56CE92939909A00922FFF /* ConstraintViewDSL.swift in Sources */ = {isa = PBXBuildFile; fileRef = 82E56CC32939909900922FFF /* ConstraintViewDSL.swift */; };
		82E56CEA2939909A00922FFF /* ConstraintPriorityTarget.swift in Sources */ = {isa = PBXBuildFile; fileRef = 82E56CC42939909900922FFF /* ConstraintPriorityTarget.swift */; };
		82E56CEB2939909A00922FFF /* ConstraintInsets.swift in Sources */ = {isa = PBXBuildFile; fileRef = 82E56CC52939909900922FFF /* ConstraintInsets.swift */; };
		82E56CEC2939909A00922FFF /* ConstraintMakerFinalizable.swift in Sources */ = {isa = PBXBuildFile; fileRef = 82E56CC62939909900922FFF /* ConstraintMakerFinalizable.swift */; };
		82E56CED2939909A00922FFF /* ConstraintDSL.swift in Sources */ = {isa = PBXBuildFile; fileRef = 82E56CC72939909900922FFF /* ConstraintDSL.swift */; };
		82E56CEE2939909A00922FFF /* ConstraintMakerExtendable.swift in Sources */ = {isa = PBXBuildFile; fileRef = 82E56CC82939909900922FFF /* ConstraintMakerExtendable.swift */; };
		82E56CEF2939909A00922FFF /* ConstraintPriority.swift in Sources */ = {isa = PBXBuildFile; fileRef = 82E56CC92939909900922FFF /* ConstraintPriority.swift */; };
		82E56CF02939909A00922FFF /* ConstraintInsetTarget.swift in Sources */ = {isa = PBXBuildFile; fileRef = 82E56CCA2939909900922FFF /* ConstraintInsetTarget.swift */; };
		82E56CF12939909A00922FFF /* ConstraintConfig.swift in Sources */ = {isa = PBXBuildFile; fileRef = 82E56CCB2939909900922FFF /* ConstraintConfig.swift */; };
		82E56CF22939909A00922FFF /* UILayoutSupport+Extensions.swift in Sources */ = {isa = PBXBuildFile; fileRef = 82E56CCC2939909900922FFF /* UILayoutSupport+Extensions.swift */; };
		82E56CF32939909A00922FFF /* ConstraintView.swift in Sources */ = {isa = PBXBuildFile; fileRef = 82E56CCD2939909900922FFF /* ConstraintView.swift */; };
		82E56CF42939909A00922FFF /* ConstraintLayoutGuide.swift in Sources */ = {isa = PBXBuildFile; fileRef = 82E56CCE2939909900922FFF /* ConstraintLayoutGuide.swift */; };
		82E56CF52939909A00922FFF /* ConstraintLayoutSupport.swift in Sources */ = {isa = PBXBuildFile; fileRef = 82E56CCF2939909900922FFF /* ConstraintLayoutSupport.swift */; };
		82E56CF62939909A00922FFF /* Typealiases.swift in Sources */ = {isa = PBXBuildFile; fileRef = 82E56CD02939909900922FFF /* Typealiases.swift */; };
		82E56CF72939909A00922FFF /* ConstraintConstantTarget.swift in Sources */ = {isa = PBXBuildFile; fileRef = 82E56CD12939909900922FFF /* ConstraintConstantTarget.swift */; };
		82E56CF82939909A00922FFF /* ConstraintOffsetTarget.swift in Sources */ = {isa = PBXBuildFile; fileRef = 82E56CD22939909900922FFF /* ConstraintOffsetTarget.swift */; };
		82E56CF92939909A00922FFF /* ConstraintMakerEditable.swift in Sources */ = {isa = PBXBuildFile; fileRef = 82E56CD32939909900922FFF /* ConstraintMakerEditable.swift */; };
		82E56CFA2939909A00922FFF /* ConstraintMaker.swift in Sources */ = {isa = PBXBuildFile; fileRef = 82E56CD42939909900922FFF /* ConstraintMaker.swift */; };
		82E56CFB2939909A00922FFF /* ConstraintRelation.swift in Sources */ = {isa = PBXBuildFile; fileRef = 82E56CD52939909900922FFF /* ConstraintRelation.swift */; };
		82E56CFC2939909A00922FFF /* ConstraintLayoutGuideDSL.swift in Sources */ = {isa = PBXBuildFile; fileRef = 82E56CD62939909900922FFF /* ConstraintLayoutGuideDSL.swift */; };
		82E56CFD2939909A00922FFF /* ConstraintView+Extensions.swift in Sources */ = {isa = PBXBuildFile; fileRef = 82E56CD72939909900922FFF /* ConstraintView+Extensions.swift */; };
		82E56CFE2939909A00922FFF /* ConstraintItem.swift in Sources */ = {isa = PBXBuildFile; fileRef = 82E56CD82939909900922FFF /* ConstraintItem.swift */; };
		82E56CFF2939909A00922FFF /* Constraint.swift in Sources */ = {isa = PBXBuildFile; fileRef = 82E56CD92939909900922FFF /* Constraint.swift */; };
		82E56D002939909A00922FFF /* Debugging.swift in Sources */ = {isa = PBXBuildFile; fileRef = 82E56CDA2939909900922FFF /* Debugging.swift */; };
		82E56D012939909A00922FFF /* ConstraintRelatableTarget.swift in Sources */ = {isa = PBXBuildFile; fileRef = 82E56CDB2939909900922FFF /* ConstraintRelatableTarget.swift */; };
		82E56D022939909A00922FFF /* LayoutConstraint.swift in Sources */ = {isa = PBXBuildFile; fileRef = 82E56CDC2939909900922FFF /* LayoutConstraint.swift */; };
		82E56D032939909A00922FFF /* ConstraintLayoutGuide+Extensions.swift in Sources */ = {isa = PBXBuildFile; fileRef = 82E56CDD2939909900922FFF /* ConstraintLayoutGuide+Extensions.swift */; };
		82E56D042939909A00922FFF /* ConstraintLayoutSupportDSL.swift in Sources */ = {isa = PBXBuildFile; fileRef = 82E56CDE2939909900922FFF /* ConstraintLayoutSupportDSL.swift */; };
		82E56D052939909A00922FFF /* ConstraintMakerRelatable.swift in Sources */ = {isa = PBXBuildFile; fileRef = 82E56CDF2939909900922FFF /* ConstraintMakerRelatable.swift */; };
		82E56D062939909A00922FFF /* README.md in Resources */ = {isa = PBXBuildFile; fileRef = 82E56CE02939909900922FFF /* README.md */; };
		82E56D072939909A00922FFF /* picScenceVC.xib in Resources */ = {isa = PBXBuildFile; fileRef = 82E56CE12939909A00922FFF /* picScenceVC.xib */; };
		8B4D3E0E290B863500DC5F21 /* HomeViewController.swift in Sources */ = {isa = PBXBuildFile; fileRef = 8B4D3E0D290B863500DC5F21 /* HomeViewController.swift */; };
		8B8AC79329395E8A00A45ACE /* MapViewController.swift in Sources */ = {isa = PBXBuildFile; fileRef = 8B8AC79229395E8A00A45ACE /* MapViewController.swift */; };
		8BCEFE3D290DAC04005D6C92 /* LoadingScreenViewController.swift in Sources */ = {isa = PBXBuildFile; fileRef = 8BCEFE3C290DAC04005D6C92 /* LoadingScreenViewController.swift */; };
		C906D2B52931909600A026BE /* FriendsTableViewCell.swift in Sources */ = {isa = PBXBuildFile; fileRef = C906D2B32931909600A026BE /* FriendsTableViewCell.swift */; };
		C906D2B62931909600A026BE /* FriendsTableViewCell.xib in Resources */ = {isa = PBXBuildFile; fileRef = C906D2B42931909600A026BE /* FriendsTableViewCell.xib */; };
		C91CFC67293688A7005351EB /* OthUserPageViewController.swift in Sources */ = {isa = PBXBuildFile; fileRef = C91CFC66293688A7005351EB /* OthUserPageViewController.swift */; };
		C91CFC6A29369823005351EB /* MapKit.framework in Frameworks */ = {isa = PBXBuildFile; fileRef = C91CFC6929369823005351EB /* MapKit.framework */; };
		C91CFC6C2936E57D005351EB /* FinalizeEventViewController.swift in Sources */ = {isa = PBXBuildFile; fileRef = C91CFC6B2936E57D005351EB /* FinalizeEventViewController.swift */; };
		C922DB7529382B600092B61B /* NotificationsViewController.swift in Sources */ = {isa = PBXBuildFile; fileRef = C922DB7429382B600092B61B /* NotificationsViewController.swift */; };
		C922DB78293840710092B61B /* NotificationTableViewCell.swift in Sources */ = {isa = PBXBuildFile; fileRef = C922DB76293840710092B61B /* NotificationTableViewCell.swift */; };
		C922DB79293840710092B61B /* NotificationTableViewCell.xib in Resources */ = {isa = PBXBuildFile; fileRef = C922DB77293840710092B61B /* NotificationTableViewCell.xib */; };
		C92377922931BBAC00BCCBC5 /* CommentsViewController.swift in Sources */ = {isa = PBXBuildFile; fileRef = C92377912931BBAC00BCCBC5 /* CommentsViewController.swift */; };
		C92377942931C94F00BCCBC5 /* ContentHandlers.swift in Sources */ = {isa = PBXBuildFile; fileRef = C92377932931C94F00BCCBC5 /* ContentHandlers.swift */; };
		C93D86712926A74B002BA3B2 /* PageViewController.swift in Sources */ = {isa = PBXBuildFile; fileRef = C93D86702926A74B002BA3B2 /* PageViewController.swift */; };
		C94307CA29342F150088D1A8 /* EventsTableViewCell.swift in Sources */ = {isa = PBXBuildFile; fileRef = C94307C829342F150088D1A8 /* EventsTableViewCell.swift */; };
		C94307CB29342F150088D1A8 /* EventsTableViewCell.xib in Resources */ = {isa = PBXBuildFile; fileRef = C94307C929342F150088D1A8 /* EventsTableViewCell.xib */; };
		C9595F0529367B9500ADAA46 /* SearchUsersViewController.swift in Sources */ = {isa = PBXBuildFile; fileRef = C9595F0429367B9500ADAA46 /* SearchUsersViewController.swift */; };
		C9791C9E29297C68007DACE5 /* CoreDataHandler.swift in Sources */ = {isa = PBXBuildFile; fileRef = C9791C9D29297C68007DACE5 /* CoreDataHandler.swift */; };
		C9791CA029298583007DACE5 /* FriendsViewController.swift in Sources */ = {isa = PBXBuildFile; fileRef = C9791C9F29298583007DACE5 /* FriendsViewController.swift */; };
		C9791CA22929858D007DACE5 /* EventsViewController.swift in Sources */ = {isa = PBXBuildFile; fileRef = C9791CA12929858D007DACE5 /* EventsViewController.swift */; };
		C9791CA8292AB42E007DACE5 /* PostViewController.swift in Sources */ = {isa = PBXBuildFile; fileRef = C9791CA7292AB42E007DACE5 /* PostViewController.swift */; };
		C9791CAC292AF91E007DACE5 /* ProfilePhotoViewController.swift in Sources */ = {isa = PBXBuildFile; fileRef = C9791CAB292AF91E007DACE5 /* ProfilePhotoViewController.swift */; };
		C98CE3E82927EA9700E545E5 /* PagePhotoCell.swift in Sources */ = {isa = PBXBuildFile; fileRef = C98CE3E72927EA9700E545E5 /* PagePhotoCell.swift */; };
		C9C05C90292D4D4C0094CBB3 /* FeedViewController.swift in Sources */ = {isa = PBXBuildFile; fileRef = C9C05C8F292D4D4C0094CBB3 /* FeedViewController.swift */; };
		C9C05C93292D52800094CBB3 /* FeedTableViewCell.swift in Sources */ = {isa = PBXBuildFile; fileRef = C9C05C91292D52800094CBB3 /* FeedTableViewCell.swift */; };
		C9C05C94292D52800094CBB3 /* FeedTableViewCell.xib in Resources */ = {isa = PBXBuildFile; fileRef = C9C05C92292D52800094CBB3 /* FeedTableViewCell.xib */; };
		C9CCC7AF2934322D009731F1 /* CreateEventViewController.swift in Sources */ = {isa = PBXBuildFile; fileRef = C9CCC7AE2934322D009731F1 /* CreateEventViewController.swift */; };
		E02991CF29087E8500316F3B /* AppDelegate.swift in Sources */ = {isa = PBXBuildFile; fileRef = E02991CE29087E8500316F3B /* AppDelegate.swift */; };
		E02991D129087E8500316F3B /* SceneDelegate.swift in Sources */ = {isa = PBXBuildFile; fileRef = E02991D029087E8500316F3B /* SceneDelegate.swift */; };
		E02991D629087E8500316F3B /* Main.storyboard in Resources */ = {isa = PBXBuildFile; fileRef = E02991D429087E8500316F3B /* Main.storyboard */; };
		E02991D929087E8500316F3B /* exploreAustin.xcdatamodeld in Sources */ = {isa = PBXBuildFile; fileRef = E02991D729087E8500316F3B /* exploreAustin.xcdatamodeld */; };
		E02991DB29087E8600316F3B /* Assets.xcassets in Resources */ = {isa = PBXBuildFile; fileRef = E02991DA29087E8600316F3B /* Assets.xcassets */; };
		E02991DE29087E8600316F3B /* LaunchScreen.storyboard in Resources */ = {isa = PBXBuildFile; fileRef = E02991DC29087E8600316F3B /* LaunchScreen.storyboard */; };
		E02991E629087FF300316F3B /* GoogleService-Info.plist in Resources */ = {isa = PBXBuildFile; fileRef = E02991E529087FF300316F3B /* GoogleService-Info.plist */; };
		E02991E9290880E500316F3B /* FirebaseAuth in Frameworks */ = {isa = PBXBuildFile; productRef = E02991E8290880E500316F3B /* FirebaseAuth */; };
		E02991EB290881F800316F3B /* LoginViewController.swift in Sources */ = {isa = PBXBuildFile; fileRef = E02991EA290881F800316F3B /* LoginViewController.swift */; };
		E02991ED2908825F00316F3B /* ProfileViewController.swift in Sources */ = {isa = PBXBuildFile; fileRef = E02991EC2908825F00316F3B /* ProfileViewController.swift */; };
/* End PBXBuildFile section */

/* Begin PBXFileReference section */
		82E56CBA2939909800922FFF /* picScenceVC.swift */ = {isa = PBXFileReference; fileEncoding = 4; lastKnownFileType = sourcecode.swift; path = picScenceVC.swift; sourceTree = "<group>"; };
		82E56CBC2939909900922FFF /* LICENSE */ = {isa = PBXFileReference; fileEncoding = 4; lastKnownFileType = text; path = LICENSE; sourceTree = "<group>"; };
		82E56CBE2939909900922FFF /* ConstraintMultiplierTarget.swift */ = {isa = PBXFileReference; fileEncoding = 4; lastKnownFileType = sourcecode.swift; path = ConstraintMultiplierTarget.swift; sourceTree = "<group>"; };
		82E56CBF2939909900922FFF /* LayoutConstraintItem.swift */ = {isa = PBXFileReference; fileEncoding = 4; lastKnownFileType = sourcecode.swift; path = LayoutConstraintItem.swift; sourceTree = "<group>"; };
		82E56CC02939909900922FFF /* ConstraintDescription.swift */ = {isa = PBXFileReference; fileEncoding = 4; lastKnownFileType = sourcecode.swift; path = ConstraintDescription.swift; sourceTree = "<group>"; };
		82E56CC12939909900922FFF /* ConstraintMakerPriortizable.swift */ = {isa = PBXFileReference; fileEncoding = 4; lastKnownFileType = sourcecode.swift; path = ConstraintMakerPriortizable.swift; sourceTree = "<group>"; };
		82E56CC22939909900922FFF /* ConstraintAttributes.swift */ = {isa = PBXFileReference; fileEncoding = 4; lastKnownFileType = sourcecode.swift; path = ConstraintAttributes.swift; sourceTree = "<group>"; };
		82E56CC32939909900922FFF /* ConstraintViewDSL.swift */ = {isa = PBXFileReference; fileEncoding = 4; lastKnownFileType = sourcecode.swift; path = ConstraintViewDSL.swift; sourceTree = "<group>"; };
		82E56CC42939909900922FFF /* ConstraintPriorityTarget.swift */ = {isa = PBXFileReference; fileEncoding = 4; lastKnownFileType = sourcecode.swift; path = ConstraintPriorityTarget.swift; sourceTree = "<group>"; };
		82E56CC52939909900922FFF /* ConstraintInsets.swift */ = {isa = PBXFileReference; fileEncoding = 4; lastKnownFileType = sourcecode.swift; path = ConstraintInsets.swift; sourceTree = "<group>"; };
		82E56CC62939909900922FFF /* ConstraintMakerFinalizable.swift */ = {isa = PBXFileReference; fileEncoding = 4; lastKnownFileType = sourcecode.swift; path = ConstraintMakerFinalizable.swift; sourceTree = "<group>"; };
		82E56CC72939909900922FFF /* ConstraintDSL.swift */ = {isa = PBXFileReference; fileEncoding = 4; lastKnownFileType = sourcecode.swift; path = ConstraintDSL.swift; sourceTree = "<group>"; };
		82E56CC82939909900922FFF /* ConstraintMakerExtendable.swift */ = {isa = PBXFileReference; fileEncoding = 4; lastKnownFileType = sourcecode.swift; path = ConstraintMakerExtendable.swift; sourceTree = "<group>"; };
		82E56CC92939909900922FFF /* ConstraintPriority.swift */ = {isa = PBXFileReference; fileEncoding = 4; lastKnownFileType = sourcecode.swift; path = ConstraintPriority.swift; sourceTree = "<group>"; };
		82E56CCA2939909900922FFF /* ConstraintInsetTarget.swift */ = {isa = PBXFileReference; fileEncoding = 4; lastKnownFileType = sourcecode.swift; path = ConstraintInsetTarget.swift; sourceTree = "<group>"; };
		82E56CCB2939909900922FFF /* ConstraintConfig.swift */ = {isa = PBXFileReference; fileEncoding = 4; lastKnownFileType = sourcecode.swift; path = ConstraintConfig.swift; sourceTree = "<group>"; };
		82E56CCC2939909900922FFF /* UILayoutSupport+Extensions.swift */ = {isa = PBXFileReference; fileEncoding = 4; lastKnownFileType = sourcecode.swift; path = "UILayoutSupport+Extensions.swift"; sourceTree = "<group>"; };
		82E56CCD2939909900922FFF /* ConstraintView.swift */ = {isa = PBXFileReference; fileEncoding = 4; lastKnownFileType = sourcecode.swift; path = ConstraintView.swift; sourceTree = "<group>"; };
		82E56CCE2939909900922FFF /* ConstraintLayoutGuide.swift */ = {isa = PBXFileReference; fileEncoding = 4; lastKnownFileType = sourcecode.swift; path = ConstraintLayoutGuide.swift; sourceTree = "<group>"; };
		82E56CCF2939909900922FFF /* ConstraintLayoutSupport.swift */ = {isa = PBXFileReference; fileEncoding = 4; lastKnownFileType = sourcecode.swift; path = ConstraintLayoutSupport.swift; sourceTree = "<group>"; };
		82E56CD02939909900922FFF /* Typealiases.swift */ = {isa = PBXFileReference; fileEncoding = 4; lastKnownFileType = sourcecode.swift; path = Typealiases.swift; sourceTree = "<group>"; };
		82E56CD12939909900922FFF /* ConstraintConstantTarget.swift */ = {isa = PBXFileReference; fileEncoding = 4; lastKnownFileType = sourcecode.swift; path = ConstraintConstantTarget.swift; sourceTree = "<group>"; };
		82E56CD22939909900922FFF /* ConstraintOffsetTarget.swift */ = {isa = PBXFileReference; fileEncoding = 4; lastKnownFileType = sourcecode.swift; path = ConstraintOffsetTarget.swift; sourceTree = "<group>"; };
		82E56CD32939909900922FFF /* ConstraintMakerEditable.swift */ = {isa = PBXFileReference; fileEncoding = 4; lastKnownFileType = sourcecode.swift; path = ConstraintMakerEditable.swift; sourceTree = "<group>"; };
		82E56CD42939909900922FFF /* ConstraintMaker.swift */ = {isa = PBXFileReference; fileEncoding = 4; lastKnownFileType = sourcecode.swift; path = ConstraintMaker.swift; sourceTree = "<group>"; };
		82E56CD52939909900922FFF /* ConstraintRelation.swift */ = {isa = PBXFileReference; fileEncoding = 4; lastKnownFileType = sourcecode.swift; path = ConstraintRelation.swift; sourceTree = "<group>"; };
		82E56CD62939909900922FFF /* ConstraintLayoutGuideDSL.swift */ = {isa = PBXFileReference; fileEncoding = 4; lastKnownFileType = sourcecode.swift; path = ConstraintLayoutGuideDSL.swift; sourceTree = "<group>"; };
		82E56CD72939909900922FFF /* ConstraintView+Extensions.swift */ = {isa = PBXFileReference; fileEncoding = 4; lastKnownFileType = sourcecode.swift; path = "ConstraintView+Extensions.swift"; sourceTree = "<group>"; };
		82E56CD82939909900922FFF /* ConstraintItem.swift */ = {isa = PBXFileReference; fileEncoding = 4; lastKnownFileType = sourcecode.swift; path = ConstraintItem.swift; sourceTree = "<group>"; };
		82E56CD92939909900922FFF /* Constraint.swift */ = {isa = PBXFileReference; fileEncoding = 4; lastKnownFileType = sourcecode.swift; path = Constraint.swift; sourceTree = "<group>"; };
		82E56CDA2939909900922FFF /* Debugging.swift */ = {isa = PBXFileReference; fileEncoding = 4; lastKnownFileType = sourcecode.swift; path = Debugging.swift; sourceTree = "<group>"; };
		82E56CDB2939909900922FFF /* ConstraintRelatableTarget.swift */ = {isa = PBXFileReference; fileEncoding = 4; lastKnownFileType = sourcecode.swift; path = ConstraintRelatableTarget.swift; sourceTree = "<group>"; };
		82E56CDC2939909900922FFF /* LayoutConstraint.swift */ = {isa = PBXFileReference; fileEncoding = 4; lastKnownFileType = sourcecode.swift; path = LayoutConstraint.swift; sourceTree = "<group>"; };
		82E56CDD2939909900922FFF /* ConstraintLayoutGuide+Extensions.swift */ = {isa = PBXFileReference; fileEncoding = 4; lastKnownFileType = sourcecode.swift; path = "ConstraintLayoutGuide+Extensions.swift"; sourceTree = "<group>"; };
		82E56CDE2939909900922FFF /* ConstraintLayoutSupportDSL.swift */ = {isa = PBXFileReference; fileEncoding = 4; lastKnownFileType = sourcecode.swift; path = ConstraintLayoutSupportDSL.swift; sourceTree = "<group>"; };
		82E56CDF2939909900922FFF /* ConstraintMakerRelatable.swift */ = {isa = PBXFileReference; fileEncoding = 4; lastKnownFileType = sourcecode.swift; path = ConstraintMakerRelatable.swift; sourceTree = "<group>"; };
		82E56CE02939909900922FFF /* README.md */ = {isa = PBXFileReference; fileEncoding = 4; lastKnownFileType = net.daringfireball.markdown; path = README.md; sourceTree = "<group>"; };
		82E56CE12939909A00922FFF /* picScenceVC.xib */ = {isa = PBXFileReference; fileEncoding = 4; lastKnownFileType = file.xib; path = picScenceVC.xib; sourceTree = "<group>"; };
		8B4D3E0D290B863500DC5F21 /* HomeViewController.swift */ = {isa = PBXFileReference; lastKnownFileType = sourcecode.swift; path = HomeViewController.swift; sourceTree = "<group>"; };
		8B8AC79229395E8A00A45ACE /* MapViewController.swift */ = {isa = PBXFileReference; lastKnownFileType = sourcecode.swift; path = MapViewController.swift; sourceTree = "<group>"; };
		8BCEFE3C290DAC04005D6C92 /* LoadingScreenViewController.swift */ = {isa = PBXFileReference; lastKnownFileType = sourcecode.swift; path = LoadingScreenViewController.swift; sourceTree = "<group>"; };
		C906D2B32931909600A026BE /* FriendsTableViewCell.swift */ = {isa = PBXFileReference; lastKnownFileType = sourcecode.swift; path = FriendsTableViewCell.swift; sourceTree = "<group>"; };
		C906D2B42931909600A026BE /* FriendsTableViewCell.xib */ = {isa = PBXFileReference; lastKnownFileType = file.xib; path = FriendsTableViewCell.xib; sourceTree = "<group>"; };
		C91CFC66293688A7005351EB /* OthUserPageViewController.swift */ = {isa = PBXFileReference; lastKnownFileType = sourcecode.swift; path = OthUserPageViewController.swift; sourceTree = "<group>"; };
		C91CFC6929369823005351EB /* MapKit.framework */ = {isa = PBXFileReference; lastKnownFileType = wrapper.framework; name = MapKit.framework; path = System/Library/Frameworks/MapKit.framework; sourceTree = SDKROOT; };
		C91CFC6B2936E57D005351EB /* FinalizeEventViewController.swift */ = {isa = PBXFileReference; lastKnownFileType = sourcecode.swift; path = FinalizeEventViewController.swift; sourceTree = "<group>"; };
		C922DB7429382B600092B61B /* NotificationsViewController.swift */ = {isa = PBXFileReference; lastKnownFileType = sourcecode.swift; path = NotificationsViewController.swift; sourceTree = "<group>"; };
		C922DB76293840710092B61B /* NotificationTableViewCell.swift */ = {isa = PBXFileReference; lastKnownFileType = sourcecode.swift; path = NotificationTableViewCell.swift; sourceTree = "<group>"; };
		C922DB77293840710092B61B /* NotificationTableViewCell.xib */ = {isa = PBXFileReference; lastKnownFileType = file.xib; path = NotificationTableViewCell.xib; sourceTree = "<group>"; };
		C92377912931BBAC00BCCBC5 /* CommentsViewController.swift */ = {isa = PBXFileReference; lastKnownFileType = sourcecode.swift; path = CommentsViewController.swift; sourceTree = "<group>"; };
		C92377932931C94F00BCCBC5 /* ContentHandlers.swift */ = {isa = PBXFileReference; lastKnownFileType = sourcecode.swift; path = ContentHandlers.swift; sourceTree = "<group>"; };
		C93D86702926A74B002BA3B2 /* PageViewController.swift */ = {isa = PBXFileReference; lastKnownFileType = sourcecode.swift; path = PageViewController.swift; sourceTree = "<group>"; };
		C94307C829342F150088D1A8 /* EventsTableViewCell.swift */ = {isa = PBXFileReference; lastKnownFileType = sourcecode.swift; path = EventsTableViewCell.swift; sourceTree = "<group>"; };
		C94307C929342F150088D1A8 /* EventsTableViewCell.xib */ = {isa = PBXFileReference; lastKnownFileType = file.xib; path = EventsTableViewCell.xib; sourceTree = "<group>"; };
		C9595F0429367B9500ADAA46 /* SearchUsersViewController.swift */ = {isa = PBXFileReference; lastKnownFileType = sourcecode.swift; path = SearchUsersViewController.swift; sourceTree = "<group>"; };
		C9791C9D29297C68007DACE5 /* CoreDataHandler.swift */ = {isa = PBXFileReference; lastKnownFileType = sourcecode.swift; path = CoreDataHandler.swift; sourceTree = "<group>"; };
		C9791C9F29298583007DACE5 /* FriendsViewController.swift */ = {isa = PBXFileReference; lastKnownFileType = sourcecode.swift; path = FriendsViewController.swift; sourceTree = "<group>"; };
		C9791CA12929858D007DACE5 /* EventsViewController.swift */ = {isa = PBXFileReference; lastKnownFileType = sourcecode.swift; path = EventsViewController.swift; sourceTree = "<group>"; };
		C9791CA7292AB42E007DACE5 /* PostViewController.swift */ = {isa = PBXFileReference; lastKnownFileType = sourcecode.swift; path = PostViewController.swift; sourceTree = "<group>"; };
		C9791CAB292AF91E007DACE5 /* ProfilePhotoViewController.swift */ = {isa = PBXFileReference; lastKnownFileType = sourcecode.swift; path = ProfilePhotoViewController.swift; sourceTree = "<group>"; };
		C98CE3E72927EA9700E545E5 /* PagePhotoCell.swift */ = {isa = PBXFileReference; lastKnownFileType = sourcecode.swift; path = PagePhotoCell.swift; sourceTree = "<group>"; };
		C9C05C8F292D4D4C0094CBB3 /* FeedViewController.swift */ = {isa = PBXFileReference; lastKnownFileType = sourcecode.swift; path = FeedViewController.swift; sourceTree = "<group>"; };
		C9C05C91292D52800094CBB3 /* FeedTableViewCell.swift */ = {isa = PBXFileReference; lastKnownFileType = sourcecode.swift; path = FeedTableViewCell.swift; sourceTree = "<group>"; };
		C9C05C92292D52800094CBB3 /* FeedTableViewCell.xib */ = {isa = PBXFileReference; lastKnownFileType = file.xib; path = FeedTableViewCell.xib; sourceTree = "<group>"; };
		C9CCC7AE2934322D009731F1 /* CreateEventViewController.swift */ = {isa = PBXFileReference; lastKnownFileType = sourcecode.swift; path = CreateEventViewController.swift; sourceTree = "<group>"; };
		E02991CB29087E8500316F3B /* exploreAustin.app */ = {isa = PBXFileReference; explicitFileType = wrapper.application; includeInIndex = 0; path = exploreAustin.app; sourceTree = BUILT_PRODUCTS_DIR; };
		E02991CE29087E8500316F3B /* AppDelegate.swift */ = {isa = PBXFileReference; lastKnownFileType = sourcecode.swift; path = AppDelegate.swift; sourceTree = "<group>"; };
		E02991D029087E8500316F3B /* SceneDelegate.swift */ = {isa = PBXFileReference; lastKnownFileType = sourcecode.swift; path = SceneDelegate.swift; sourceTree = "<group>"; };
		E02991D529087E8500316F3B /* Base */ = {isa = PBXFileReference; lastKnownFileType = file.storyboard; name = Base; path = Base.lproj/Main.storyboard; sourceTree = "<group>"; };
		E02991D829087E8500316F3B /* exploreAustin.xcdatamodel */ = {isa = PBXFileReference; lastKnownFileType = wrapper.xcdatamodel; path = exploreAustin.xcdatamodel; sourceTree = "<group>"; };
		E02991DA29087E8600316F3B /* Assets.xcassets */ = {isa = PBXFileReference; lastKnownFileType = folder.assetcatalog; path = Assets.xcassets; sourceTree = "<group>"; };
		E02991DD29087E8600316F3B /* Base */ = {isa = PBXFileReference; lastKnownFileType = file.storyboard; name = Base; path = Base.lproj/LaunchScreen.storyboard; sourceTree = "<group>"; };
		E02991DF29087E8600316F3B /* Info.plist */ = {isa = PBXFileReference; lastKnownFileType = text.plist.xml; path = Info.plist; sourceTree = "<group>"; };
		E02991E529087FF300316F3B /* GoogleService-Info.plist */ = {isa = PBXFileReference; fileEncoding = 4; lastKnownFileType = text.plist.xml; path = "GoogleService-Info.plist"; sourceTree = "<group>"; };
		E02991EA290881F800316F3B /* LoginViewController.swift */ = {isa = PBXFileReference; lastKnownFileType = sourcecode.swift; path = LoginViewController.swift; sourceTree = "<group>"; };
		E02991EC2908825F00316F3B /* ProfileViewController.swift */ = {isa = PBXFileReference; lastKnownFileType = sourcecode.swift; path = ProfileViewController.swift; sourceTree = "<group>"; };
/* End PBXFileReference section */

/* Begin PBXFrameworksBuildPhase section */
		E02991C829087E8500316F3B /* Frameworks */ = {
			isa = PBXFrameworksBuildPhase;
			buildActionMask = 2147483647;
			files = (
				C91CFC6A29369823005351EB /* MapKit.framework in Frameworks */,
				E02991E9290880E500316F3B /* FirebaseAuth in Frameworks */,
			);
			runOnlyForDeploymentPostprocessing = 0;
		};
/* End PBXFrameworksBuildPhase section */

/* Begin PBXGroup section */
		82E56CBB2939909900922FFF /* SnapKit */ = {
			isa = PBXGroup;
			children = (
				82E56CBC2939909900922FFF /* LICENSE */,
				82E56CBD2939909900922FFF /* Source */,
				82E56CE02939909900922FFF /* README.md */,
			);
			path = SnapKit;
			sourceTree = "<group>";
		};
		82E56CBD2939909900922FFF /* Source */ = {
			isa = PBXGroup;
			children = (
				82E56CBE2939909900922FFF /* ConstraintMultiplierTarget.swift */,
				82E56CBF2939909900922FFF /* LayoutConstraintItem.swift */,
				82E56CC02939909900922FFF /* ConstraintDescription.swift */,
				82E56CC12939909900922FFF /* ConstraintMakerPriortizable.swift */,
				82E56CC22939909900922FFF /* ConstraintAttributes.swift */,
				82E56CC32939909900922FFF /* ConstraintViewDSL.swift */,
				82E56CC42939909900922FFF /* ConstraintPriorityTarget.swift */,
				82E56CC52939909900922FFF /* ConstraintInsets.swift */,
				82E56CC62939909900922FFF /* ConstraintMakerFinalizable.swift */,
				82E56CC72939909900922FFF /* ConstraintDSL.swift */,
				82E56CC82939909900922FFF /* ConstraintMakerExtendable.swift */,
				82E56CC92939909900922FFF /* ConstraintPriority.swift */,
				82E56CCA2939909900922FFF /* ConstraintInsetTarget.swift */,
				82E56CCB2939909900922FFF /* ConstraintConfig.swift */,
				82E56CCC2939909900922FFF /* UILayoutSupport+Extensions.swift */,
				82E56CCD2939909900922FFF /* ConstraintView.swift */,
				82E56CCE2939909900922FFF /* ConstraintLayoutGuide.swift */,
				82E56CCF2939909900922FFF /* ConstraintLayoutSupport.swift */,
				82E56CD02939909900922FFF /* Typealiases.swift */,
				82E56CD12939909900922FFF /* ConstraintConstantTarget.swift */,
				82E56CD22939909900922FFF /* ConstraintOffsetTarget.swift */,
				82E56CD32939909900922FFF /* ConstraintMakerEditable.swift */,
				82E56CD42939909900922FFF /* ConstraintMaker.swift */,
				82E56CD52939909900922FFF /* ConstraintRelation.swift */,
				82E56CD62939909900922FFF /* ConstraintLayoutGuideDSL.swift */,
				82E56CD72939909900922FFF /* ConstraintView+Extensions.swift */,
				82E56CD82939909900922FFF /* ConstraintItem.swift */,
				82E56CD92939909900922FFF /* Constraint.swift */,
				82E56CDA2939909900922FFF /* Debugging.swift */,
				82E56CDB2939909900922FFF /* ConstraintRelatableTarget.swift */,
				82E56CDC2939909900922FFF /* LayoutConstraint.swift */,
				82E56CDD2939909900922FFF /* ConstraintLayoutGuide+Extensions.swift */,
				82E56CDE2939909900922FFF /* ConstraintLayoutSupportDSL.swift */,
				82E56CDF2939909900922FFF /* ConstraintMakerRelatable.swift */,
			);
			path = Source;
			sourceTree = "<group>";
		};
		C91CFC6829369822005351EB /* Frameworks */ = {
			isa = PBXGroup;
			children = (
				C91CFC6929369823005351EB /* MapKit.framework */,
			);
			name = Frameworks;
			sourceTree = "<group>";
		};
		E02991C229087E8500316F3B = {
			isa = PBXGroup;
			children = (
				E02991CD29087E8500316F3B /* exploreAustin */,
				E02991CC29087E8500316F3B /* Products */,
				C91CFC6829369822005351EB /* Frameworks */,
			);
			sourceTree = "<group>";
		};
		E02991CC29087E8500316F3B /* Products */ = {
			isa = PBXGroup;
			children = (
				E02991CB29087E8500316F3B /* exploreAustin.app */,
			);
			name = Products;
			sourceTree = "<group>";
		};
		E02991CD29087E8500316F3B /* exploreAustin */ = {
			isa = PBXGroup;
			children = (
				82E56CBB2939909900922FFF /* SnapKit */,
				82E56CBA2939909800922FFF /* picScenceVC.swift */,
				82E56CE12939909A00922FFF /* picScenceVC.xib */,
				E02991CE29087E8500316F3B /* AppDelegate.swift */,
				E02991D029087E8500316F3B /* SceneDelegate.swift */,
				8BCEFE3C290DAC04005D6C92 /* LoadingScreenViewController.swift */,
				E02991EA290881F800316F3B /* LoginViewController.swift */,
				8B4D3E0D290B863500DC5F21 /* HomeViewController.swift */,
				C93D86702926A74B002BA3B2 /* PageViewController.swift */,
				C922DB7429382B600092B61B /* NotificationsViewController.swift */,
				C922DB76293840710092B61B /* NotificationTableViewCell.swift */,
				C91CFC66293688A7005351EB /* OthUserPageViewController.swift */,
				E02991EC2908825F00316F3B /* ProfileViewController.swift */,
				C9791CAB292AF91E007DACE5 /* ProfilePhotoViewController.swift */,
				C9791C9F29298583007DACE5 /* FriendsViewController.swift */,
				C906D2B32931909600A026BE /* FriendsTableViewCell.swift */,
				C9C05C8F292D4D4C0094CBB3 /* FeedViewController.swift */,
				C9C05C91292D52800094CBB3 /* FeedTableViewCell.swift */,
				C92377912931BBAC00BCCBC5 /* CommentsViewController.swift */,
				C9791CA7292AB42E007DACE5 /* PostViewController.swift */,
				C9791CA12929858D007DACE5 /* EventsViewController.swift */,
				C94307C829342F150088D1A8 /* EventsTableViewCell.swift */,
				C9CCC7AE2934322D009731F1 /* CreateEventViewController.swift */,
				C91CFC6B2936E57D005351EB /* FinalizeEventViewController.swift */,
				C9595F0429367B9500ADAA46 /* SearchUsersViewController.swift */,
				E02991D429087E8500316F3B /* Main.storyboard */,
				8B8AC79229395E8A00A45ACE /* MapViewController.swift */,
				C922DB77293840710092B61B /* NotificationTableViewCell.xib */,
				C94307C929342F150088D1A8 /* EventsTableViewCell.xib */,
				C9C05C92292D52800094CBB3 /* FeedTableViewCell.xib */,
				C906D2B42931909600A026BE /* FriendsTableViewCell.xib */,
				E02991DC29087E8600316F3B /* LaunchScreen.storyboard */,
				E02991DA29087E8600316F3B /* Assets.xcassets */,
				E02991DF29087E8600316F3B /* Info.plist */,
				E02991E529087FF300316F3B /* GoogleService-Info.plist */,
				E02991D729087E8500316F3B /* exploreAustin.xcdatamodeld */,
				C9791C9D29297C68007DACE5 /* CoreDataHandler.swift */,
				C92377932931C94F00BCCBC5 /* ContentHandlers.swift */,
				C98CE3E72927EA9700E545E5 /* PagePhotoCell.swift */,
			);
			path = exploreAustin;
			sourceTree = "<group>";
		};
/* End PBXGroup section */

/* Begin PBXNativeTarget section */
		E02991CA29087E8500316F3B /* exploreAustin */ = {
			isa = PBXNativeTarget;
			buildConfigurationList = E02991E229087E8600316F3B /* Build configuration list for PBXNativeTarget "exploreAustin" */;
			buildPhases = (
				E02991C729087E8500316F3B /* Sources */,
				E02991C829087E8500316F3B /* Frameworks */,
				E02991C929087E8500316F3B /* Resources */,
			);
			buildRules = (
			);
			dependencies = (
			);
			name = exploreAustin;
			packageProductDependencies = (
				E02991E8290880E500316F3B /* FirebaseAuth */,
			);
			productName = exploreAustin;
			productReference = E02991CB29087E8500316F3B /* exploreAustin.app */;
			productType = "com.apple.product-type.application";
		};
/* End PBXNativeTarget section */

/* Begin PBXProject section */
		E02991C329087E8500316F3B /* Project object */ = {
			isa = PBXProject;
			attributes = {
				BuildIndependentTargetsInParallel = 1;
				LastSwiftUpdateCheck = 1400;
				LastUpgradeCheck = 1400;
				TargetAttributes = {
					E02991CA29087E8500316F3B = {
						CreatedOnToolsVersion = 14.0;
					};
				};
			};
			buildConfigurationList = E02991C629087E8500316F3B /* Build configuration list for PBXProject "exploreAustin" */;
			compatibilityVersion = "Xcode 13.0";
			developmentRegion = en;
			hasScannedForEncodings = 0;
			knownRegions = (
				en,
				Base,
			);
			mainGroup = E02991C229087E8500316F3B;
			packageReferences = (
				E02991E7290880E500316F3B /* XCRemoteSwiftPackageReference "firebase-ios-sdk" */,
			);
			productRefGroup = E02991CC29087E8500316F3B /* Products */;
			projectDirPath = "";
			projectRoot = "";
			targets = (
				E02991CA29087E8500316F3B /* exploreAustin */,
			);
		};
/* End PBXProject section */

/* Begin PBXResourcesBuildPhase section */
		E02991C929087E8500316F3B /* Resources */ = {
			isa = PBXResourcesBuildPhase;
			buildActionMask = 2147483647;
			files = (
				C922DB79293840710092B61B /* NotificationTableViewCell.xib in Resources */,
				82E56D072939909A00922FFF /* picScenceVC.xib in Resources */,
				E02991DE29087E8600316F3B /* LaunchScreen.storyboard in Resources */,
				82E56D062939909A00922FFF /* README.md in Resources */,
				C9C05C94292D52800094CBB3 /* FeedTableViewCell.xib in Resources */,
				C94307CB29342F150088D1A8 /* EventsTableViewCell.xib in Resources */,
				E02991E629087FF300316F3B /* GoogleService-Info.plist in Resources */,
				E02991DB29087E8600316F3B /* Assets.xcassets in Resources */,
				82E56CE32939909A00922FFF /* LICENSE in Resources */,
				E02991D629087E8500316F3B /* Main.storyboard in Resources */,
				C906D2B62931909600A026BE /* FriendsTableViewCell.xib in Resources */,
			);
			runOnlyForDeploymentPostprocessing = 0;
		};
/* End PBXResourcesBuildPhase section */

/* Begin PBXSourcesBuildPhase section */
		E02991C729087E8500316F3B /* Sources */ = {
			isa = PBXSourcesBuildPhase;
			buildActionMask = 2147483647;
			files = (
				82E56CE22939909A00922FFF /* picScenceVC.swift in Sources */,
				82E56D032939909A00922FFF /* ConstraintLayoutGuide+Extensions.swift in Sources */,
				82E56CE92939909A00922FFF /* ConstraintViewDSL.swift in Sources */,
				E02991ED2908825F00316F3B /* ProfileViewController.swift in Sources */,
				82E56CFC2939909A00922FFF /* ConstraintLayoutGuideDSL.swift in Sources */,
				82E56CFE2939909A00922FFF /* ConstraintItem.swift in Sources */,
				8BCEFE3D290DAC04005D6C92 /* LoadingScreenViewController.swift in Sources */,
				82E56CFD2939909A00922FFF /* ConstraintView+Extensions.swift in Sources */,
				82E56CF12939909A00922FFF /* ConstraintConfig.swift in Sources */,
				82E56CED2939909A00922FFF /* ConstraintDSL.swift in Sources */,
				C922DB78293840710092B61B /* NotificationTableViewCell.swift in Sources */,
				C9791CAC292AF91E007DACE5 /* ProfilePhotoViewController.swift in Sources */,
				82E56D052939909A00922FFF /* ConstraintMakerRelatable.swift in Sources */,
				C9791C9E29297C68007DACE5 /* CoreDataHandler.swift in Sources */,
				82E56CF42939909A00922FFF /* ConstraintLayoutGuide.swift in Sources */,
				C9791CA8292AB42E007DACE5 /* PostViewController.swift in Sources */,
				C922DB7529382B600092B61B /* NotificationsViewController.swift in Sources */,
				E02991D929087E8500316F3B /* exploreAustin.xcdatamodeld in Sources */,
				82E56CFF2939909A00922FFF /* Constraint.swift in Sources */,
				C906D2B52931909600A026BE /* FriendsTableViewCell.swift in Sources */,
				C98CE3E82927EA9700E545E5 /* PagePhotoCell.swift in Sources */,
				82E56CF82939909A00922FFF /* ConstraintOffsetTarget.swift in Sources */,
				82E56CF72939909A00922FFF /* ConstraintConstantTarget.swift in Sources */,
				82E56CEB2939909A00922FFF /* ConstraintInsets.swift in Sources */,
				C92377922931BBAC00BCCBC5 /* CommentsViewController.swift in Sources */,
				C92377942931C94F00BCCBC5 /* ContentHandlers.swift in Sources */,
				C9C05C90292D4D4C0094CBB3 /* FeedViewController.swift in Sources */,
				C9791CA22929858D007DACE5 /* EventsViewController.swift in Sources */,
				82E56CE82939909A00922FFF /* ConstraintAttributes.swift in Sources */,
				82E56CEA2939909A00922FFF /* ConstraintPriorityTarget.swift in Sources */,
				C94307CA29342F150088D1A8 /* EventsTableViewCell.swift in Sources */,
				C91CFC6C2936E57D005351EB /* FinalizeEventViewController.swift in Sources */,
				82E56CFA2939909A00922FFF /* ConstraintMaker.swift in Sources */,
				82E56CF52939909A00922FFF /* ConstraintLayoutSupport.swift in Sources */,
				82E56CF32939909A00922FFF /* ConstraintView.swift in Sources */,
				82E56CE52939909A00922FFF /* LayoutConstraintItem.swift in Sources */,
				C9C05C93292D52800094CBB3 /* FeedTableViewCell.swift in Sources */,
				E02991CF29087E8500316F3B /* AppDelegate.swift in Sources */,
				82E56CF92939909A00922FFF /* ConstraintMakerEditable.swift in Sources */,
				C9791CA029298583007DACE5 /* FriendsViewController.swift in Sources */,
				82E56CEF2939909A00922FFF /* ConstraintPriority.swift in Sources */,
				82E56CF22939909A00922FFF /* UILayoutSupport+Extensions.swift in Sources */,
				82E56D022939909A00922FFF /* LayoutConstraint.swift in Sources */,
				82E56CEC2939909A00922FFF /* ConstraintMakerFinalizable.swift in Sources */,
				E02991EB290881F800316F3B /* LoginViewController.swift in Sources */,
				C9595F0529367B9500ADAA46 /* SearchUsersViewController.swift in Sources */,
				C91CFC67293688A7005351EB /* OthUserPageViewController.swift in Sources */,
				82E56D012939909A00922FFF /* ConstraintRelatableTarget.swift in Sources */,
				82E56CE72939909A00922FFF /* ConstraintMakerPriortizable.swift in Sources */,
				82E56CF62939909A00922FFF /* Typealiases.swift in Sources */,
				82E56D042939909A00922FFF /* ConstraintLayoutSupportDSL.swift in Sources */,
				8B8AC79329395E8A00A45ACE /* MapViewController.swift in Sources */,
				C9CCC7AF2934322D009731F1 /* CreateEventViewController.swift in Sources */,
				82E56CE62939909A00922FFF /* ConstraintDescription.swift in Sources */,
				82E56CF02939909A00922FFF /* ConstraintInsetTarget.swift in Sources */,
				E02991D129087E8500316F3B /* SceneDelegate.swift in Sources */,
				8B4D3E0E290B863500DC5F21 /* HomeViewController.swift in Sources */,
				82E56D002939909A00922FFF /* Debugging.swift in Sources */,
				C93D86712926A74B002BA3B2 /* PageViewController.swift in Sources */,
				82E56CE42939909A00922FFF /* ConstraintMultiplierTarget.swift in Sources */,
				82E56CFB2939909A00922FFF /* ConstraintRelation.swift in Sources */,
				82E56CEE2939909A00922FFF /* ConstraintMakerExtendable.swift in Sources */,
			);
			runOnlyForDeploymentPostprocessing = 0;
		};
/* End PBXSourcesBuildPhase section */

/* Begin PBXVariantGroup section */
		E02991D429087E8500316F3B /* Main.storyboard */ = {
			isa = PBXVariantGroup;
			children = (
				E02991D529087E8500316F3B /* Base */,
			);
			name = Main.storyboard;
			sourceTree = "<group>";
		};
		E02991DC29087E8600316F3B /* LaunchScreen.storyboard */ = {
			isa = PBXVariantGroup;
			children = (
				E02991DD29087E8600316F3B /* Base */,
			);
			name = LaunchScreen.storyboard;
			sourceTree = "<group>";
		};
/* End PBXVariantGroup section */

/* Begin XCBuildConfiguration section */
		E02991E029087E8600316F3B /* Debug */ = {
			isa = XCBuildConfiguration;
			buildSettings = {
				ALWAYS_SEARCH_USER_PATHS = NO;
				CLANG_ANALYZER_NONNULL = YES;
				CLANG_ANALYZER_NUMBER_OBJECT_CONVERSION = YES_AGGRESSIVE;
				CLANG_CXX_LANGUAGE_STANDARD = "gnu++20";
				CLANG_ENABLE_MODULES = YES;
				CLANG_ENABLE_OBJC_ARC = YES;
				CLANG_ENABLE_OBJC_WEAK = YES;
				CLANG_WARN_BLOCK_CAPTURE_AUTORELEASING = YES;
				CLANG_WARN_BOOL_CONVERSION = YES;
				CLANG_WARN_COMMA = YES;
				CLANG_WARN_CONSTANT_CONVERSION = YES;
				CLANG_WARN_DEPRECATED_OBJC_IMPLEMENTATIONS = YES;
				CLANG_WARN_DIRECT_OBJC_ISA_USAGE = YES_ERROR;
				CLANG_WARN_DOCUMENTATION_COMMENTS = YES;
				CLANG_WARN_EMPTY_BODY = YES;
				CLANG_WARN_ENUM_CONVERSION = YES;
				CLANG_WARN_INFINITE_RECURSION = YES;
				CLANG_WARN_INT_CONVERSION = YES;
				CLANG_WARN_NON_LITERAL_NULL_CONVERSION = YES;
				CLANG_WARN_OBJC_IMPLICIT_RETAIN_SELF = YES;
				CLANG_WARN_OBJC_LITERAL_CONVERSION = YES;
				CLANG_WARN_OBJC_ROOT_CLASS = YES_ERROR;
				CLANG_WARN_QUOTED_INCLUDE_IN_FRAMEWORK_HEADER = YES;
				CLANG_WARN_RANGE_LOOP_ANALYSIS = YES;
				CLANG_WARN_STRICT_PROTOTYPES = YES;
				CLANG_WARN_SUSPICIOUS_MOVE = YES;
				CLANG_WARN_UNGUARDED_AVAILABILITY = YES_AGGRESSIVE;
				CLANG_WARN_UNREACHABLE_CODE = YES;
				CLANG_WARN__DUPLICATE_METHOD_MATCH = YES;
				COPY_PHASE_STRIP = NO;
				DEBUG_INFORMATION_FORMAT = dwarf;
				ENABLE_STRICT_OBJC_MSGSEND = YES;
				ENABLE_TESTABILITY = YES;
				GCC_C_LANGUAGE_STANDARD = gnu11;
				GCC_DYNAMIC_NO_PIC = NO;
				GCC_NO_COMMON_BLOCKS = YES;
				GCC_OPTIMIZATION_LEVEL = 0;
				GCC_PREPROCESSOR_DEFINITIONS = (
					"DEBUG=1",
					"$(inherited)",
				);
				GCC_WARN_64_TO_32_BIT_CONVERSION = YES;
				GCC_WARN_ABOUT_RETURN_TYPE = YES_ERROR;
				GCC_WARN_UNDECLARED_SELECTOR = YES;
				GCC_WARN_UNINITIALIZED_AUTOS = YES_AGGRESSIVE;
				GCC_WARN_UNUSED_FUNCTION = YES;
				GCC_WARN_UNUSED_VARIABLE = YES;
				IPHONEOS_DEPLOYMENT_TARGET = 16.0;
				MTL_ENABLE_DEBUG_INFO = INCLUDE_SOURCE;
				MTL_FAST_MATH = YES;
				ONLY_ACTIVE_ARCH = YES;
				SDKROOT = iphoneos;
				SWIFT_ACTIVE_COMPILATION_CONDITIONS = DEBUG;
				SWIFT_OPTIMIZATION_LEVEL = "-Onone";
			};
			name = Debug;
		};
		E02991E129087E8600316F3B /* Release */ = {
			isa = XCBuildConfiguration;
			buildSettings = {
				ALWAYS_SEARCH_USER_PATHS = NO;
				CLANG_ANALYZER_NONNULL = YES;
				CLANG_ANALYZER_NUMBER_OBJECT_CONVERSION = YES_AGGRESSIVE;
				CLANG_CXX_LANGUAGE_STANDARD = "gnu++20";
				CLANG_ENABLE_MODULES = YES;
				CLANG_ENABLE_OBJC_ARC = YES;
				CLANG_ENABLE_OBJC_WEAK = YES;
				CLANG_WARN_BLOCK_CAPTURE_AUTORELEASING = YES;
				CLANG_WARN_BOOL_CONVERSION = YES;
				CLANG_WARN_COMMA = YES;
				CLANG_WARN_CONSTANT_CONVERSION = YES;
				CLANG_WARN_DEPRECATED_OBJC_IMPLEMENTATIONS = YES;
				CLANG_WARN_DIRECT_OBJC_ISA_USAGE = YES_ERROR;
				CLANG_WARN_DOCUMENTATION_COMMENTS = YES;
				CLANG_WARN_EMPTY_BODY = YES;
				CLANG_WARN_ENUM_CONVERSION = YES;
				CLANG_WARN_INFINITE_RECURSION = YES;
				CLANG_WARN_INT_CONVERSION = YES;
				CLANG_WARN_NON_LITERAL_NULL_CONVERSION = YES;
				CLANG_WARN_OBJC_IMPLICIT_RETAIN_SELF = YES;
				CLANG_WARN_OBJC_LITERAL_CONVERSION = YES;
				CLANG_WARN_OBJC_ROOT_CLASS = YES_ERROR;
				CLANG_WARN_QUOTED_INCLUDE_IN_FRAMEWORK_HEADER = YES;
				CLANG_WARN_RANGE_LOOP_ANALYSIS = YES;
				CLANG_WARN_STRICT_PROTOTYPES = YES;
				CLANG_WARN_SUSPICIOUS_MOVE = YES;
				CLANG_WARN_UNGUARDED_AVAILABILITY = YES_AGGRESSIVE;
				CLANG_WARN_UNREACHABLE_CODE = YES;
				CLANG_WARN__DUPLICATE_METHOD_MATCH = YES;
				COPY_PHASE_STRIP = NO;
				DEBUG_INFORMATION_FORMAT = "dwarf-with-dsym";
				ENABLE_NS_ASSERTIONS = NO;
				ENABLE_STRICT_OBJC_MSGSEND = YES;
				GCC_C_LANGUAGE_STANDARD = gnu11;
				GCC_NO_COMMON_BLOCKS = YES;
				GCC_WARN_64_TO_32_BIT_CONVERSION = YES;
				GCC_WARN_ABOUT_RETURN_TYPE = YES_ERROR;
				GCC_WARN_UNDECLARED_SELECTOR = YES;
				GCC_WARN_UNINITIALIZED_AUTOS = YES_AGGRESSIVE;
				GCC_WARN_UNUSED_FUNCTION = YES;
				GCC_WARN_UNUSED_VARIABLE = YES;
				IPHONEOS_DEPLOYMENT_TARGET = 16.0;
				MTL_ENABLE_DEBUG_INFO = NO;
				MTL_FAST_MATH = YES;
				SDKROOT = iphoneos;
				SWIFT_COMPILATION_MODE = wholemodule;
				SWIFT_OPTIMIZATION_LEVEL = "-O";
				VALIDATE_PRODUCT = YES;
			};
			name = Release;
		};
		E02991E329087E8600316F3B /* Debug */ = {
			isa = XCBuildConfiguration;
			buildSettings = {
				ASSETCATALOG_COMPILER_APPICON_NAME = AppIcon;
				ASSETCATALOG_COMPILER_GLOBAL_ACCENT_COLOR_NAME = AccentColor;
				CODE_SIGN_STYLE = Automatic;
				CURRENT_PROJECT_VERSION = 1;
				DEVELOPMENT_TEAM = "";
				GENERATE_INFOPLIST_FILE = YES;
				INFOPLIST_FILE = exploreAustin/Info.plist;
				INFOPLIST_KEY_UIApplicationSupportsIndirectInputEvents = YES;
				INFOPLIST_KEY_UILaunchStoryboardName = LaunchScreen;
				INFOPLIST_KEY_UIMainStoryboardFile = Main;
				INFOPLIST_KEY_UISupportedInterfaceOrientations_iPad = "UIInterfaceOrientationPortrait UIInterfaceOrientationPortraitUpsideDown UIInterfaceOrientationLandscapeLeft UIInterfaceOrientationLandscapeRight";
				INFOPLIST_KEY_UISupportedInterfaceOrientations_iPhone = "UIInterfaceOrientationPortrait UIInterfaceOrientationLandscapeLeft UIInterfaceOrientationLandscapeRight";
				LD_RUNPATH_SEARCH_PATHS = (
					"$(inherited)",
					"@executable_path/Frameworks",
				);
				MARKETING_VERSION = 1.0;
				PRODUCT_BUNDLE_IDENTIFIER = cs329.exploreAustin;
				PRODUCT_NAME = "$(TARGET_NAME)";
				SWIFT_EMIT_LOC_STRINGS = YES;
				SWIFT_VERSION = 5.0;
				TARGETED_DEVICE_FAMILY = "1,2";
			};
			name = Debug;
		};
		E02991E429087E8600316F3B /* Release */ = {
			isa = XCBuildConfiguration;
			buildSettings = {
				ASSETCATALOG_COMPILER_APPICON_NAME = AppIcon;
				ASSETCATALOG_COMPILER_GLOBAL_ACCENT_COLOR_NAME = AccentColor;
				CODE_SIGN_STYLE = Automatic;
				CURRENT_PROJECT_VERSION = 1;
				DEVELOPMENT_TEAM = "";
				GENERATE_INFOPLIST_FILE = YES;
				INFOPLIST_FILE = exploreAustin/Info.plist;
				INFOPLIST_KEY_UIApplicationSupportsIndirectInputEvents = YES;
				INFOPLIST_KEY_UILaunchStoryboardName = LaunchScreen;
				INFOPLIST_KEY_UIMainStoryboardFile = Main;
				INFOPLIST_KEY_UISupportedInterfaceOrientations_iPad = "UIInterfaceOrientationPortrait UIInterfaceOrientationPortraitUpsideDown UIInterfaceOrientationLandscapeLeft UIInterfaceOrientationLandscapeRight";
				INFOPLIST_KEY_UISupportedInterfaceOrientations_iPhone = "UIInterfaceOrientationPortrait UIInterfaceOrientationLandscapeLeft UIInterfaceOrientationLandscapeRight";
				LD_RUNPATH_SEARCH_PATHS = (
					"$(inherited)",
					"@executable_path/Frameworks",
				);
				MARKETING_VERSION = 1.0;
				PRODUCT_BUNDLE_IDENTIFIER = cs329.exploreAustin;
				PRODUCT_NAME = "$(TARGET_NAME)";
				SWIFT_EMIT_LOC_STRINGS = YES;
				SWIFT_VERSION = 5.0;
				TARGETED_DEVICE_FAMILY = "1,2";
			};
			name = Release;
		};
/* End XCBuildConfiguration section */

/* Begin XCConfigurationList section */
		E02991C629087E8500316F3B /* Build configuration list for PBXProject "exploreAustin" */ = {
			isa = XCConfigurationList;
			buildConfigurations = (
				E02991E029087E8600316F3B /* Debug */,
				E02991E129087E8600316F3B /* Release */,
			);
			defaultConfigurationIsVisible = 0;
			defaultConfigurationName = Release;
		};
		E02991E229087E8600316F3B /* Build configuration list for PBXNativeTarget "exploreAustin" */ = {
			isa = XCConfigurationList;
			buildConfigurations = (
				E02991E329087E8600316F3B /* Debug */,
				E02991E429087E8600316F3B /* Release */,
			);
			defaultConfigurationIsVisible = 0;
			defaultConfigurationName = Release;
		};
/* End XCConfigurationList section */

/* Begin XCRemoteSwiftPackageReference section */
		E02991E7290880E500316F3B /* XCRemoteSwiftPackageReference "firebase-ios-sdk" */ = {
			isa = XCRemoteSwiftPackageReference;
			repositoryURL = "https://github.com/firebase/firebase-ios-sdk";
			requirement = {
				kind = upToNextMajorVersion;
				minimumVersion = 9.0.0;
			};
		};
/* End XCRemoteSwiftPackageReference section */

/* Begin XCSwiftPackageProductDependency section */
		E02991E8290880E500316F3B /* FirebaseAuth */ = {
			isa = XCSwiftPackageProductDependency;
			package = E02991E7290880E500316F3B /* XCRemoteSwiftPackageReference "firebase-ios-sdk" */;
			productName = FirebaseAuth;
		};
/* End XCSwiftPackageProductDependency section */

/* Begin XCVersionGroup section */
		E02991D729087E8500316F3B /* exploreAustin.xcdatamodeld */ = {
			isa = XCVersionGroup;
			children = (
				E02991D829087E8500316F3B /* exploreAustin.xcdatamodel */,
			);
			currentVersion = E02991D829087E8500316F3B /* exploreAustin.xcdatamodel */;
			path = exploreAustin.xcdatamodeld;
			sourceTree = "<group>";
			versionGroupType = wrapper.xcdatamodel;
		};
/* End XCVersionGroup section */
	};
	rootObject = E02991C329087E8500316F3B /* Project object */;
}
