// !$*UTF8*$!
{
	archiveVersion = 1;
	classes = {
	};
	objectVersion = 55;
	objects = {

/* Begin PBXBuildFile section */
		8B4D3E0E290B863500DC5F21 /* HomeViewController.swift in Sources */ = {isa = PBXBuildFile; fileRef = 8B4D3E0D290B863500DC5F21 /* HomeViewController.swift */; };
		8BCEFE3D290DAC04005D6C92 /* LoadingScreenViewController.swift in Sources */ = {isa = PBXBuildFile; fileRef = 8BCEFE3C290DAC04005D6C92 /* LoadingScreenViewController.swift */; };
		C93D86712926A74B002BA3B2 /* PageViewController.swift in Sources */ = {isa = PBXBuildFile; fileRef = C93D86702926A74B002BA3B2 /* PageViewController.swift */; };
		C9791C9E29297C68007DACE5 /* CoreDataHandler.swift in Sources */ = {isa = PBXBuildFile; fileRef = C9791C9D29297C68007DACE5 /* CoreDataHandler.swift */; };
		C9791CA029298583007DACE5 /* FriendsViewController.swift in Sources */ = {isa = PBXBuildFile; fileRef = C9791C9F29298583007DACE5 /* FriendsViewController.swift */; };
		C9791CA22929858D007DACE5 /* EventsViewController.swift in Sources */ = {isa = PBXBuildFile; fileRef = C9791CA12929858D007DACE5 /* EventsViewController.swift */; };
		C9791CA8292AB42E007DACE5 /* PostViewController.swift in Sources */ = {isa = PBXBuildFile; fileRef = C9791CA7292AB42E007DACE5 /* PostViewController.swift */; };
		C9791CAC292AF91E007DACE5 /* ProfilePhotoViewController.swift in Sources */ = {isa = PBXBuildFile; fileRef = C9791CAB292AF91E007DACE5 /* ProfilePhotoViewController.swift */; };
		C98CE3E82927EA9700E545E5 /* PagePhotoCell.swift in Sources */ = {isa = PBXBuildFile; fileRef = C98CE3E72927EA9700E545E5 /* PagePhotoCell.swift */; };
		C9C05C90292D4D4C0094CBB3 /* FeedViewController.swift in Sources */ = {isa = PBXBuildFile; fileRef = C9C05C8F292D4D4C0094CBB3 /* FeedViewController.swift */; };
		C9C05C93292D52800094CBB3 /* FeedTableViewCell.swift in Sources */ = {isa = PBXBuildFile; fileRef = C9C05C91292D52800094CBB3 /* FeedTableViewCell.swift */; };
		C9C05C94292D52800094CBB3 /* FeedTableViewCell.xib in Resources */ = {isa = PBXBuildFile; fileRef = C9C05C92292D52800094CBB3 /* FeedTableViewCell.xib */; };
		E02991CF29087E8500316F3B /* AppDelegate.swift in Sources */ = {isa = PBXBuildFile; fileRef = E02991CE29087E8500316F3B /* AppDelegate.swift */; };
		E02991D129087E8500316F3B /* SceneDelegate.swift in Sources */ = {isa = PBXBuildFile; fileRef = E02991D029087E8500316F3B /* SceneDelegate.swift */; };
		E02991D629087E8500316F3B /* Main.storyboard in Resources */ = {isa = PBXBuildFile; fileRef = E02991D429087E8500316F3B /* Main.storyboard */; };
		E02991D929087E8500316F3B /* exploreAustin.xcdatamodeld in Sources */ = {isa = PBXBuildFile; fileRef = E02991D729087E8500316F3B /* exploreAustin.xcdatamodeld */; };
		E02991DB29087E8600316F3B /* Assets.xcassets in Resources */ = {isa = PBXBuildFile; fileRef = E02991DA29087E8600316F3B /* Assets.xcassets */; };
		E02991DE29087E8600316F3B /* LaunchScreen.storyboard in Resources */ = {isa = PBXBuildFile; fileRef = E02991DC29087E8600316F3B /* LaunchScreen.storyboard */; };
		E02991E629087FF300316F3B /* GoogleService-Info.plist in Resources */ = {isa = PBXBuildFile; fileRef = E02991E529087FF300316F3B /* GoogleService-Info.plist */; };
		E02991E9290880E500316F3B /* FirebaseAuth in Frameworks */ = {isa = PBXBuildFile; productRef = E02991E8290880E500316F3B /* FirebaseAuth */; };
		E02991EB290881F800316F3B /* LoginViewController.swift in Sources */ = {isa = PBXBuildFile; fileRef = E02991EA290881F800316F3B /* LoginViewController.swift */; };
		E02991ED2908825F00316F3B /* ProfileViewController.swift in Sources */ = {isa = PBXBuildFile; fileRef = E02991EC2908825F00316F3B /* ProfileViewController.swift */; };
/* End PBXBuildFile section */

/* Begin PBXFileReference section */
		8B4D3E0D290B863500DC5F21 /* HomeViewController.swift */ = {isa = PBXFileReference; lastKnownFileType = sourcecode.swift; path = HomeViewController.swift; sourceTree = "<group>"; };
		8BCEFE3C290DAC04005D6C92 /* LoadingScreenViewController.swift */ = {isa = PBXFileReference; lastKnownFileType = sourcecode.swift; path = LoadingScreenViewController.swift; sourceTree = "<group>"; };
		C93D86702926A74B002BA3B2 /* PageViewController.swift */ = {isa = PBXFileReference; lastKnownFileType = sourcecode.swift; path = PageViewController.swift; sourceTree = "<group>"; };
		C9791C9D29297C68007DACE5 /* CoreDataHandler.swift */ = {isa = PBXFileReference; lastKnownFileType = sourcecode.swift; path = CoreDataHandler.swift; sourceTree = "<group>"; };
		C9791C9F29298583007DACE5 /* FriendsViewController.swift */ = {isa = PBXFileReference; lastKnownFileType = sourcecode.swift; path = FriendsViewController.swift; sourceTree = "<group>"; };
		C9791CA12929858D007DACE5 /* EventsViewController.swift */ = {isa = PBXFileReference; lastKnownFileType = sourcecode.swift; path = EventsViewController.swift; sourceTree = "<group>"; };
		C9791CA7292AB42E007DACE5 /* PostViewController.swift */ = {isa = PBXFileReference; lastKnownFileType = sourcecode.swift; path = PostViewController.swift; sourceTree = "<group>"; };
		C9791CAB292AF91E007DACE5 /* ProfilePhotoViewController.swift */ = {isa = PBXFileReference; lastKnownFileType = sourcecode.swift; path = ProfilePhotoViewController.swift; sourceTree = "<group>"; };
		C98CE3E72927EA9700E545E5 /* PagePhotoCell.swift */ = {isa = PBXFileReference; lastKnownFileType = sourcecode.swift; path = PagePhotoCell.swift; sourceTree = "<group>"; };
		C9C05C8F292D4D4C0094CBB3 /* FeedViewController.swift */ = {isa = PBXFileReference; lastKnownFileType = sourcecode.swift; path = FeedViewController.swift; sourceTree = "<group>"; };
		C9C05C91292D52800094CBB3 /* FeedTableViewCell.swift */ = {isa = PBXFileReference; lastKnownFileType = sourcecode.swift; path = FeedTableViewCell.swift; sourceTree = "<group>"; };
		C9C05C92292D52800094CBB3 /* FeedTableViewCell.xib */ = {isa = PBXFileReference; lastKnownFileType = file.xib; path = FeedTableViewCell.xib; sourceTree = "<group>"; };
		E02991CB29087E8500316F3B /* exploreAustin.app */ = {isa = PBXFileReference; explicitFileType = wrapper.application; includeInIndex = 0; path = exploreAustin.app; sourceTree = BUILT_PRODUCTS_DIR; };
		E02991CE29087E8500316F3B /* AppDelegate.swift */ = {isa = PBXFileReference; lastKnownFileType = sourcecode.swift; path = AppDelegate.swift; sourceTree = "<group>"; };
		E02991D029087E8500316F3B /* SceneDelegate.swift */ = {isa = PBXFileReference; lastKnownFileType = sourcecode.swift; path = SceneDelegate.swift; sourceTree = "<group>"; };
		E02991D529087E8500316F3B /* Base */ = {isa = PBXFileReference; lastKnownFileType = file.storyboard; name = Base; path = Base.lproj/Main.storyboard; sourceTree = "<group>"; };
		E02991D829087E8500316F3B /* exploreAustin.xcdatamodel */ = {isa = PBXFileReference; lastKnownFileType = wrapper.xcdatamodel; path = exploreAustin.xcdatamodel; sourceTree = "<group>"; };
		E02991DA29087E8600316F3B /* Assets.xcassets */ = {isa = PBXFileReference; lastKnownFileType = folder.assetcatalog; path = Assets.xcassets; sourceTree = "<group>"; };
		E02991DD29087E8600316F3B /* Base */ = {isa = PBXFileReference; lastKnownFileType = file.storyboard; name = Base; path = Base.lproj/LaunchScreen.storyboard; sourceTree = "<group>"; };
		E02991DF29087E8600316F3B /* Info.plist */ = {isa = PBXFileReference; lastKnownFileType = text.plist.xml; path = Info.plist; sourceTree = "<group>"; };
		E02991E529087FF300316F3B /* GoogleService-Info.plist */ = {isa = PBXFileReference; fileEncoding = 4; lastKnownFileType = text.plist.xml; path = "GoogleService-Info.plist"; sourceTree = "<group>"; };
		E02991EA290881F800316F3B /* LoginViewController.swift */ = {isa = PBXFileReference; lastKnownFileType = sourcecode.swift; path = LoginViewController.swift; sourceTree = "<group>"; };
		E02991EC2908825F00316F3B /* ProfileViewController.swift */ = {isa = PBXFileReference; lastKnownFileType = sourcecode.swift; path = ProfileViewController.swift; sourceTree = "<group>"; };
/* End PBXFileReference section */

/* Begin PBXFrameworksBuildPhase section */
		E02991C829087E8500316F3B /* Frameworks */ = {
			isa = PBXFrameworksBuildPhase;
			buildActionMask = 2147483647;
			files = (
				E02991E9290880E500316F3B /* FirebaseAuth in Frameworks */,
			);
			runOnlyForDeploymentPostprocessing = 0;
		};
/* End PBXFrameworksBuildPhase section */

/* Begin PBXGroup section */
		E02991C229087E8500316F3B = {
			isa = PBXGroup;
			children = (
				E02991CD29087E8500316F3B /* exploreAustin */,
				E02991CC29087E8500316F3B /* Products */,
			);
			sourceTree = "<group>";
		};
		E02991CC29087E8500316F3B /* Products */ = {
			isa = PBXGroup;
			children = (
				E02991CB29087E8500316F3B /* exploreAustin.app */,
			);
			name = Products;
			sourceTree = "<group>";
		};
		E02991CD29087E8500316F3B /* exploreAustin */ = {
			isa = PBXGroup;
			children = (
				E02991CE29087E8500316F3B /* AppDelegate.swift */,
				E02991D029087E8500316F3B /* SceneDelegate.swift */,
				8BCEFE3C290DAC04005D6C92 /* LoadingScreenViewController.swift */,
				E02991EA290881F800316F3B /* LoginViewController.swift */,
				8B4D3E0D290B863500DC5F21 /* HomeViewController.swift */,
				C93D86702926A74B002BA3B2 /* PageViewController.swift */,
				E02991EC2908825F00316F3B /* ProfileViewController.swift */,
				C9791CAB292AF91E007DACE5 /* ProfilePhotoViewController.swift */,
				C9791C9F29298583007DACE5 /* FriendsViewController.swift */,
				C9C05C8F292D4D4C0094CBB3 /* FeedViewController.swift */,
				C9791CA7292AB42E007DACE5 /* PostViewController.swift */,
				C9791CA12929858D007DACE5 /* EventsViewController.swift */,
				C9C05C91292D52800094CBB3 /* FeedTableViewCell.swift */,
				E02991D429087E8500316F3B /* Main.storyboard */,
				E02991DC29087E8600316F3B /* LaunchScreen.storyboard */,
				C9C05C92292D52800094CBB3 /* FeedTableViewCell.xib */,
				E02991DA29087E8600316F3B /* Assets.xcassets */,
				E02991DF29087E8600316F3B /* Info.plist */,
				E02991E529087FF300316F3B /* GoogleService-Info.plist */,
				E02991D729087E8500316F3B /* exploreAustin.xcdatamodeld */,
				C9791C9D29297C68007DACE5 /* CoreDataHandler.swift */,
				C98CE3E72927EA9700E545E5 /* PagePhotoCell.swift */,
			);
			path = exploreAustin;
			sourceTree = "<group>";
		};
/* End PBXGroup section */

/* Begin PBXNativeTarget section */
		E02991CA29087E8500316F3B /* exploreAustin */ = {
			isa = PBXNativeTarget;
			buildConfigurationList = E02991E229087E8600316F3B /* Build configuration list for PBXNativeTarget "exploreAustin" */;
			buildPhases = (
				E02991C729087E8500316F3B /* Sources */,
				E02991C829087E8500316F3B /* Frameworks */,
				E02991C929087E8500316F3B /* Resources */,
			);
			buildRules = (
			);
			dependencies = (
			);
			name = exploreAustin;
			packageProductDependencies = (
				E02991E8290880E500316F3B /* FirebaseAuth */,
			);
			productName = exploreAustin;
			productReference = E02991CB29087E8500316F3B /* exploreAustin.app */;
			productType = "com.apple.product-type.application";
		};
/* End PBXNativeTarget section */

/* Begin PBXProject section */
		E02991C329087E8500316F3B /* Project object */ = {
			isa = PBXProject;
			attributes = {
				BuildIndependentTargetsInParallel = 1;
				LastSwiftUpdateCheck = 1400;
				LastUpgradeCheck = 1400;
				TargetAttributes = {
					E02991CA29087E8500316F3B = {
						CreatedOnToolsVersion = 14.0;
					};
				};
			};
			buildConfigurationList = E02991C629087E8500316F3B /* Build configuration list for PBXProject "exploreAustin" */;
			compatibilityVersion = "Xcode 13.0";
			developmentRegion = en;
			hasScannedForEncodings = 0;
			knownRegions = (
				en,
				Base,
			);
			mainGroup = E02991C229087E8500316F3B;
			packageReferences = (
				E02991E7290880E500316F3B /* XCRemoteSwiftPackageReference "firebase-ios-sdk" */,
			);
			productRefGroup = E02991CC29087E8500316F3B /* Products */;
			projectDirPath = "";
			projectRoot = "";
			targets = (
				E02991CA29087E8500316F3B /* exploreAustin */,
			);
		};
/* End PBXProject section */

/* Begin PBXResourcesBuildPhase section */
		E02991C929087E8500316F3B /* Resources */ = {
			isa = PBXResourcesBuildPhase;
			buildActionMask = 2147483647;
			files = (
				E02991DE29087E8600316F3B /* LaunchScreen.storyboard in Resources */,
				C9C05C94292D52800094CBB3 /* FeedTableViewCell.xib in Resources */,
				E02991E629087FF300316F3B /* GoogleService-Info.plist in Resources */,
				E02991DB29087E8600316F3B /* Assets.xcassets in Resources */,
				E02991D629087E8500316F3B /* Main.storyboard in Resources */,
			);
			runOnlyForDeploymentPostprocessing = 0;
		};
/* End PBXResourcesBuildPhase section */

/* Begin PBXSourcesBuildPhase section */
		E02991C729087E8500316F3B /* Sources */ = {
			isa = PBXSourcesBuildPhase;
			buildActionMask = 2147483647;
			files = (
				E02991ED2908825F00316F3B /* ProfileViewController.swift in Sources */,
				8BCEFE3D290DAC04005D6C92 /* LoadingScreenViewController.swift in Sources */,
				C9791CAC292AF91E007DACE5 /* ProfilePhotoViewController.swift in Sources */,
				C9791C9E29297C68007DACE5 /* CoreDataHandler.swift in Sources */,
				C9791CA8292AB42E007DACE5 /* PostViewController.swift in Sources */,
				E02991D929087E8500316F3B /* exploreAustin.xcdatamodeld in Sources */,
				C98CE3E82927EA9700E545E5 /* PagePhotoCell.swift in Sources */,
				C9C05C90292D4D4C0094CBB3 /* FeedViewController.swift in Sources */,
				C9791CA22929858D007DACE5 /* EventsViewController.swift in Sources */,
				C9C05C93292D52800094CBB3 /* FeedTableViewCell.swift in Sources */,
				E02991CF29087E8500316F3B /* AppDelegate.swift in Sources */,
				C9791CA029298583007DACE5 /* FriendsViewController.swift in Sources */,
				E02991EB290881F800316F3B /* LoginViewController.swift in Sources */,
				E02991D129087E8500316F3B /* SceneDelegate.swift in Sources */,
				8B4D3E0E290B863500DC5F21 /* HomeViewController.swift in Sources */,
				C93D86712926A74B002BA3B2 /* PageViewController.swift in Sources */,
			);
			runOnlyForDeploymentPostprocessing = 0;
		};
/* End PBXSourcesBuildPhase section */

/* Begin PBXVariantGroup section */
		E02991D429087E8500316F3B /* Main.storyboard */ = {
			isa = PBXVariantGroup;
			children = (
				E02991D529087E8500316F3B /* Base */,
			);
			name = Main.storyboard;
			sourceTree = "<group>";
		};
		E02991DC29087E8600316F3B /* LaunchScreen.storyboard */ = {
			isa = PBXVariantGroup;
			children = (
				E02991DD29087E8600316F3B /* Base */,
			);
			name = LaunchScreen.storyboard;
			sourceTree = "<group>";
		};
/* End PBXVariantGroup section */

/* Begin XCBuildConfiguration section */
		E02991E029087E8600316F3B /* Debug */ = {
			isa = XCBuildConfiguration;
			buildSettings = {
				ALWAYS_SEARCH_USER_PATHS = NO;
				CLANG_ANALYZER_NONNULL = YES;
				CLANG_ANALYZER_NUMBER_OBJECT_CONVERSION = YES_AGGRESSIVE;
				CLANG_CXX_LANGUAGE_STANDARD = "gnu++20";
				CLANG_ENABLE_MODULES = YES;
				CLANG_ENABLE_OBJC_ARC = YES;
				CLANG_ENABLE_OBJC_WEAK = YES;
				CLANG_WARN_BLOCK_CAPTURE_AUTORELEASING = YES;
				CLANG_WARN_BOOL_CONVERSION = YES;
				CLANG_WARN_COMMA = YES;
				CLANG_WARN_CONSTANT_CONVERSION = YES;
				CLANG_WARN_DEPRECATED_OBJC_IMPLEMENTATIONS = YES;
				CLANG_WARN_DIRECT_OBJC_ISA_USAGE = YES_ERROR;
				CLANG_WARN_DOCUMENTATION_COMMENTS = YES;
				CLANG_WARN_EMPTY_BODY = YES;
				CLANG_WARN_ENUM_CONVERSION = YES;
				CLANG_WARN_INFINITE_RECURSION = YES;
				CLANG_WARN_INT_CONVERSION = YES;
				CLANG_WARN_NON_LITERAL_NULL_CONVERSION = YES;
				CLANG_WARN_OBJC_IMPLICIT_RETAIN_SELF = YES;
				CLANG_WARN_OBJC_LITERAL_CONVERSION = YES;
				CLANG_WARN_OBJC_ROOT_CLASS = YES_ERROR;
				CLANG_WARN_QUOTED_INCLUDE_IN_FRAMEWORK_HEADER = YES;
				CLANG_WARN_RANGE_LOOP_ANALYSIS = YES;
				CLANG_WARN_STRICT_PROTOTYPES = YES;
				CLANG_WARN_SUSPICIOUS_MOVE = YES;
				CLANG_WARN_UNGUARDED_AVAILABILITY = YES_AGGRESSIVE;
				CLANG_WARN_UNREACHABLE_CODE = YES;
				CLANG_WARN__DUPLICATE_METHOD_MATCH = YES;
				COPY_PHASE_STRIP = NO;
				DEBUG_INFORMATION_FORMAT = dwarf;
				ENABLE_STRICT_OBJC_MSGSEND = YES;
				ENABLE_TESTABILITY = YES;
				GCC_C_LANGUAGE_STANDARD = gnu11;
				GCC_DYNAMIC_NO_PIC = NO;
				GCC_NO_COMMON_BLOCKS = YES;
				GCC_OPTIMIZATION_LEVEL = 0;
				GCC_PREPROCESSOR_DEFINITIONS = (
					"DEBUG=1",
					"$(inherited)",
				);
				GCC_WARN_64_TO_32_BIT_CONVERSION = YES;
				GCC_WARN_ABOUT_RETURN_TYPE = YES_ERROR;
				GCC_WARN_UNDECLARED_SELECTOR = YES;
				GCC_WARN_UNINITIALIZED_AUTOS = YES_AGGRESSIVE;
				GCC_WARN_UNUSED_FUNCTION = YES;
				GCC_WARN_UNUSED_VARIABLE = YES;
				IPHONEOS_DEPLOYMENT_TARGET = 16.0;
				MTL_ENABLE_DEBUG_INFO = INCLUDE_SOURCE;
				MTL_FAST_MATH = YES;
				ONLY_ACTIVE_ARCH = YES;
				SDKROOT = iphoneos;
				SWIFT_ACTIVE_COMPILATION_CONDITIONS = DEBUG;
				SWIFT_OPTIMIZATION_LEVEL = "-Onone";
			};
			name = Debug;
		};
		E02991E129087E8600316F3B /* Release */ = {
			isa = XCBuildConfiguration;
			buildSettings = {
				ALWAYS_SEARCH_USER_PATHS = NO;
				CLANG_ANALYZER_NONNULL = YES;
				CLANG_ANALYZER_NUMBER_OBJECT_CONVERSION = YES_AGGRESSIVE;
				CLANG_CXX_LANGUAGE_STANDARD = "gnu++20";
				CLANG_ENABLE_MODULES = YES;
				CLANG_ENABLE_OBJC_ARC = YES;
				CLANG_ENABLE_OBJC_WEAK = YES;
				CLANG_WARN_BLOCK_CAPTURE_AUTORELEASING = YES;
				CLANG_WARN_BOOL_CONVERSION = YES;
				CLANG_WARN_COMMA = YES;
				CLANG_WARN_CONSTANT_CONVERSION = YES;
				CLANG_WARN_DEPRECATED_OBJC_IMPLEMENTATIONS = YES;
				CLANG_WARN_DIRECT_OBJC_ISA_USAGE = YES_ERROR;
				CLANG_WARN_DOCUMENTATION_COMMENTS = YES;
				CLANG_WARN_EMPTY_BODY = YES;
				CLANG_WARN_ENUM_CONVERSION = YES;
				CLANG_WARN_INFINITE_RECURSION = YES;
				CLANG_WARN_INT_CONVERSION = YES;
				CLANG_WARN_NON_LITERAL_NULL_CONVERSION = YES;
				CLANG_WARN_OBJC_IMPLICIT_RETAIN_SELF = YES;
				CLANG_WARN_OBJC_LITERAL_CONVERSION = YES;
				CLANG_WARN_OBJC_ROOT_CLASS = YES_ERROR;
				CLANG_WARN_QUOTED_INCLUDE_IN_FRAMEWORK_HEADER = YES;
				CLANG_WARN_RANGE_LOOP_ANALYSIS = YES;
				CLANG_WARN_STRICT_PROTOTYPES = YES;
				CLANG_WARN_SUSPICIOUS_MOVE = YES;
				CLANG_WARN_UNGUARDED_AVAILABILITY = YES_AGGRESSIVE;
				CLANG_WARN_UNREACHABLE_CODE = YES;
				CLANG_WARN__DUPLICATE_METHOD_MATCH = YES;
				COPY_PHASE_STRIP = NO;
				DEBUG_INFORMATION_FORMAT = "dwarf-with-dsym";
				ENABLE_NS_ASSERTIONS = NO;
				ENABLE_STRICT_OBJC_MSGSEND = YES;
				GCC_C_LANGUAGE_STANDARD = gnu11;
				GCC_NO_COMMON_BLOCKS = YES;
				GCC_WARN_64_TO_32_BIT_CONVERSION = YES;
				GCC_WARN_ABOUT_RETURN_TYPE = YES_ERROR;
				GCC_WARN_UNDECLARED_SELECTOR = YES;
				GCC_WARN_UNINITIALIZED_AUTOS = YES_AGGRESSIVE;
				GCC_WARN_UNUSED_FUNCTION = YES;
				GCC_WARN_UNUSED_VARIABLE = YES;
				IPHONEOS_DEPLOYMENT_TARGET = 16.0;
				MTL_ENABLE_DEBUG_INFO = NO;
				MTL_FAST_MATH = YES;
				SDKROOT = iphoneos;
				SWIFT_COMPILATION_MODE = wholemodule;
				SWIFT_OPTIMIZATION_LEVEL = "-O";
				VALIDATE_PRODUCT = YES;
			};
			name = Release;
		};
		E02991E329087E8600316F3B /* Debug */ = {
			isa = XCBuildConfiguration;
			buildSettings = {
				ASSETCATALOG_COMPILER_APPICON_NAME = AppIcon;
				ASSETCATALOG_COMPILER_GLOBAL_ACCENT_COLOR_NAME = AccentColor;
				CODE_SIGN_STYLE = Automatic;
				CURRENT_PROJECT_VERSION = 1;
				DEVELOPMENT_TEAM = "";
				GENERATE_INFOPLIST_FILE = YES;
				INFOPLIST_FILE = exploreAustin/Info.plist;
				INFOPLIST_KEY_UIApplicationSupportsIndirectInputEvents = YES;
				INFOPLIST_KEY_UILaunchStoryboardName = LaunchScreen;
				INFOPLIST_KEY_UIMainStoryboardFile = Main;
				INFOPLIST_KEY_UISupportedInterfaceOrientations_iPad = "UIInterfaceOrientationPortrait UIInterfaceOrientationPortraitUpsideDown UIInterfaceOrientationLandscapeLeft UIInterfaceOrientationLandscapeRight";
				INFOPLIST_KEY_UISupportedInterfaceOrientations_iPhone = "UIInterfaceOrientationPortrait UIInterfaceOrientationLandscapeLeft UIInterfaceOrientationLandscapeRight";
				LD_RUNPATH_SEARCH_PATHS = (
					"$(inherited)",
					"@executable_path/Frameworks",
				);
				MARKETING_VERSION = 1.0;
				PRODUCT_BUNDLE_IDENTIFIER = cs329.exploreAustin;
				PRODUCT_NAME = "$(TARGET_NAME)";
				SWIFT_EMIT_LOC_STRINGS = YES;
				SWIFT_VERSION = 5.0;
				TARGETED_DEVICE_FAMILY = "1,2";
			};
			name = Debug;
		};
		E02991E429087E8600316F3B /* Release */ = {
			isa = XCBuildConfiguration;
			buildSettings = {
				ASSETCATALOG_COMPILER_APPICON_NAME = AppIcon;
				ASSETCATALOG_COMPILER_GLOBAL_ACCENT_COLOR_NAME = AccentColor;
				CODE_SIGN_STYLE = Automatic;
				CURRENT_PROJECT_VERSION = 1;
				DEVELOPMENT_TEAM = "";
				GENERATE_INFOPLIST_FILE = YES;
				INFOPLIST_FILE = exploreAustin/Info.plist;
				INFOPLIST_KEY_UIApplicationSupportsIndirectInputEvents = YES;
				INFOPLIST_KEY_UILaunchStoryboardName = LaunchScreen;
				INFOPLIST_KEY_UIMainStoryboardFile = Main;
				INFOPLIST_KEY_UISupportedInterfaceOrientations_iPad = "UIInterfaceOrientationPortrait UIInterfaceOrientationPortraitUpsideDown UIInterfaceOrientationLandscapeLeft UIInterfaceOrientationLandscapeRight";
				INFOPLIST_KEY_UISupportedInterfaceOrientations_iPhone = "UIInterfaceOrientationPortrait UIInterfaceOrientationLandscapeLeft UIInterfaceOrientationLandscapeRight";
				LD_RUNPATH_SEARCH_PATHS = (
					"$(inherited)",
					"@executable_path/Frameworks",
				);
				MARKETING_VERSION = 1.0;
				PRODUCT_BUNDLE_IDENTIFIER = cs329.exploreAustin;
				PRODUCT_NAME = "$(TARGET_NAME)";
				SWIFT_EMIT_LOC_STRINGS = YES;
				SWIFT_VERSION = 5.0;
				TARGETED_DEVICE_FAMILY = "1,2";
			};
			name = Release;
		};
/* End XCBuildConfiguration section */

/* Begin XCConfigurationList section */
		E02991C629087E8500316F3B /* Build configuration list for PBXProject "exploreAustin" */ = {
			isa = XCConfigurationList;
			buildConfigurations = (
				E02991E029087E8600316F3B /* Debug */,
				E02991E129087E8600316F3B /* Release */,
			);
			defaultConfigurationIsVisible = 0;
			defaultConfigurationName = Release;
		};
		E02991E229087E8600316F3B /* Build configuration list for PBXNativeTarget "exploreAustin" */ = {
			isa = XCConfigurationList;
			buildConfigurations = (
				E02991E329087E8600316F3B /* Debug */,
				E02991E429087E8600316F3B /* Release */,
			);
			defaultConfigurationIsVisible = 0;
			defaultConfigurationName = Release;
		};
/* End XCConfigurationList section */

/* Begin XCRemoteSwiftPackageReference section */
		E02991E7290880E500316F3B /* XCRemoteSwiftPackageReference "firebase-ios-sdk" */ = {
			isa = XCRemoteSwiftPackageReference;
			repositoryURL = "https://github.com/firebase/firebase-ios-sdk";
			requirement = {
				kind = upToNextMajorVersion;
				minimumVersion = 9.0.0;
			};
		};
/* End XCRemoteSwiftPackageReference section */

/* Begin XCSwiftPackageProductDependency section */
		E02991E8290880E500316F3B /* FirebaseAuth */ = {
			isa = XCSwiftPackageProductDependency;
			package = E02991E7290880E500316F3B /* XCRemoteSwiftPackageReference "firebase-ios-sdk" */;
			productName = FirebaseAuth;
		};
/* End XCSwiftPackageProductDependency section */

/* Begin XCVersionGroup section */
		E02991D729087E8500316F3B /* exploreAustin.xcdatamodeld */ = {
			isa = XCVersionGroup;
			children = (
				E02991D829087E8500316F3B /* exploreAustin.xcdatamodel */,
			);
			currentVersion = E02991D829087E8500316F3B /* exploreAustin.xcdatamodel */;
			path = exploreAustin.xcdatamodeld;
			sourceTree = "<group>";
			versionGroupType = wrapper.xcdatamodel;
		};
/* End XCVersionGroup section */
	};
	rootObject = E02991C329087E8500316F3B /* Project object */;
}
