PODS:
  - ZLPhotoBrowser (4.3.7):
    - ZLPhotoBrowser/Core (= 4.3.7)
  - ZLPhotoBrowser/Core (4.3.7)

DEPENDENCIES:
  - ZLPhotoBrowser

SPEC REPOS:
  trunk:
    - ZLPhotoBrowser

SPEC CHECKSUMS:
  ZLPhotoBrowser: f571bdaec6d0b64ae94a29787e4c7cbd8900d10f

PODFILE CHECKSUM: 407c2a804daedfa233c7aeaaf6e161c6f4dd46fa

COCOAPODS: 1.11.3
